
Microsoft Visual Studio Solution File, Format Version 12.00
# Visual Studio 15
VisualStudioVersion = 15.0.28307.572
MinimumVisualStudioVersion = 10.0.40219.1
Project("{FAE04EC0-301F-11D3-BF4B-00C04F79EFBC}") = "Collections", "Collections\Collections.csproj", "{7DA102FE-FB05-4FC3-A048-E0607F651ECC}"
EndProject
Global
	GlobalSection(SolutionConfigurationPlatforms) = preSolution
		Debug|Any CPU = Debug|Any CPU
		Release|Any CPU = Release|Any CPU
	EndGlobalSection
	GlobalSection(ProjectConfigurationPlatforms) = postSolution
		{7DA102FE-FB05-4FC3-A048-E0607F651ECC}.Debug|Any CPU.ActiveCfg = Debug|Any CPU
		{7DA102FE-FB05-4FC3-A048-E0607F651ECC}.Debug|Any CPU.Build.0 = Debug|Any CPU
		{7DA102FE-FB05-4FC3-A048-E0607F651ECC}.Release|Any CPU.ActiveCfg = Release|Any CPU
		{7DA102FE-FB05-4FC3-A048-E0607F651ECC}.Release|Any CPU.Build.0 = Release|Any CPU
	EndGlobalSection
	GlobalSection(SolutionProperties) = preSolution
		HideSolutionNode = FALSE
	EndGlobalSection
	GlobalSection(ExtensibilityGlobals) = postSolution
		SolutionGuid = {888BA51A-99BA-4F16-BF01-844FAF10DE00}
	EndGlobalSection
EndGlobal
